
Microsoft Visual Studio Solution File, Format Version 12.00
# Visual Studio 15
VisualStudioVersion = 15.0.28010.2036
MinimumVisualStudioVersion = 10.0.40219.1
Project("{FAE04EC0-301F-11D3-BF4B-00C04F79EFBC}") = "ComputerWorkShopBusinessLogic", "ComputerWorkShop\ComputerWorkShopBusinessLogic.csproj", "{020A9C92-7166-4139-8AB1-9CDA59A4BCEE}"
EndProject
Project("{FAE04EC0-301F-11D3-BF4B-00C04F79EFBC}") = "ComputerWorkShopListImplement", "ComputerWorkShopListImplement\ComputerWorkShopListImplement.csproj", "{C0390EA2-5F41-4861-B801-9141B8C9DB65}"
EndProject
Project("{FAE04EC0-301F-11D3-BF4B-00C04F79EFBC}") = "ComputerWorkShopView", "ComputerWorkShopView\ComputerWorkShopView.csproj", "{5981981B-6436-4383-9C15-7AA564CA5752}"
EndProject
Global
	GlobalSection(SolutionConfigurationPlatforms) = preSolution
		Debug|Any CPU = Debug|Any CPU
		Release|Any CPU = Release|Any CPU
	EndGlobalSection
	GlobalSection(ProjectConfigurationPlatforms) = postSolution
		{020A9C92-7166-4139-8AB1-9CDA59A4BCEE}.Debug|Any CPU.ActiveCfg = Debug|Any CPU
		{020A9C92-7166-4139-8AB1-9CDA59A4BCEE}.Debug|Any CPU.Build.0 = Debug|Any CPU
		{020A9C92-7166-4139-8AB1-9CDA59A4BCEE}.Release|Any CPU.ActiveCfg = Release|Any CPU
		{020A9C92-7166-4139-8AB1-9CDA59A4BCEE}.Release|Any CPU.Build.0 = Release|Any CPU
		{C0390EA2-5F41-4861-B801-9141B8C9DB65}.Debug|Any CPU.ActiveCfg = Debug|Any CPU
		{C0390EA2-5F41-4861-B801-9141B8C9DB65}.Debug|Any CPU.Build.0 = Debug|Any CPU
		{C0390EA2-5F41-4861-B801-9141B8C9DB65}.Release|Any CPU.ActiveCfg = Release|Any CPU
		{C0390EA2-5F41-4861-B801-9141B8C9DB65}.Release|Any CPU.Build.0 = Release|Any CPU
		{5981981B-6436-4383-9C15-7AA564CA5752}.Debug|Any CPU.ActiveCfg = Debug|Any CPU
		{5981981B-6436-4383-9C15-7AA564CA5752}.Debug|Any CPU.Build.0 = Debug|Any CPU
		{5981981B-6436-4383-9C15-7AA564CA5752}.Release|Any CPU.ActiveCfg = Release|Any CPU
		{5981981B-6436-4383-9C15-7AA564CA5752}.Release|Any CPU.Build.0 = Release|Any CPU
	EndGlobalSection
	GlobalSection(SolutionProperties) = preSolution
		HideSolutionNode = FALSE
	EndGlobalSection
	GlobalSection(ExtensibilityGlobals) = postSolution
		SolutionGuid = {005EA759-0157-43F5-9BD4-63E8D17F3B60}
	EndGlobalSection
EndGlobal
